# THIS IS AN AUTOGENERATED FILE. DO NOT EDIT THIS FILE DIRECTLY.
# yarn lockfile v1


mingo@^6.0.0:
  version "6.0.0"
  resolved "https://registry.yarnpkg.com/mingo/-/mingo-6.0.0.tgz#73a40a20bd809a3412c984d40015c6be4fd6eb2a"
  integrity sha512-QuGQ7RkKtRRA7no/35ARyXe4kp5AGX5kaZ7zT9kpA1KTxH/wHZz6EUicB3FpyG7XQTdbUbPDx+xJTD2LFmHvNg==
